
Microsoft Visual Studio Solution File, Format Version 12.00
# Visual Studio Version 16
VisualStudioVersion = 16.0.32802.440
MinimumVisualStudioVersion = 10.0.40219.1
Project("{FAE04EC0-301F-11D3-BF4B-00C04F79EFBC}") = "Compression", "Compression.csproj", "{98D29075-E444-4C0E-A208-8EB3E987A2AB}"
EndProject
Global
	GlobalSection(SolutionConfigurationPlatforms) = preSolution
		Debug|Any CPU = Debug|Any CPU
		Release|Any CPU = Release|Any CPU
	EndGlobalSection
	GlobalSection(ProjectConfigurationPlatforms) = postSolution
		{98D29075-E444-4C0E-A208-8EB3E987A2AB}.Debug|Any CPU.ActiveCfg = Debug|Any CPU
		{98D29075-E444-4C0E-A208-8EB3E987A2AB}.Debug|Any CPU.Build.0 = Debug|Any CPU
		{98D29075-E444-4C0E-A208-8EB3E987A2AB}.Release|Any CPU.ActiveCfg = Release|Any CPU
		{98D29075-E444-4C0E-A208-8EB3E987A2AB}.Release|Any CPU.Build.0 = Release|Any CPU
	EndGlobalSection
	GlobalSection(SolutionProperties) = preSolution
		HideSolutionNode = FALSE
	EndGlobalSection
	GlobalSection(ExtensibilityGlobals) = postSolution
		SolutionGuid = {339283A6-8178-494B-96E8-040EAAF29121}
	EndGlobalSection
EndGlobal
